
Microsoft Visual Studio Solution File, Format Version 12.00
# Visual Studio Version 16
VisualStudioVersion = 16.0.32413.511
MinimumVisualStudioVersion = 10.0.40219.1
Project("{FAE04EC0-301F-11D3-BF4B-00C04F79EFBC}") = "employeesM", "employeesM\employeesM.csproj", "{66AE8244-E224-446B-A939-A43652D02218}"
EndProject
Global
	GlobalSection(SolutionConfigurationPlatforms) = preSolution
		Debug|Any CPU = Debug|Any CPU
		Release|Any CPU = Release|Any CPU
	EndGlobalSection
	GlobalSection(ProjectConfigurationPlatforms) = postSolution
		{66AE8244-E224-446B-A939-A43652D02218}.Debug|Any CPU.ActiveCfg = Debug|Any CPU
		{66AE8244-E224-446B-A939-A43652D02218}.Debug|Any CPU.Build.0 = Debug|Any CPU
		{66AE8244-E224-446B-A939-A43652D02218}.Release|Any CPU.ActiveCfg = Release|Any CPU
		{66AE8244-E224-446B-A939-A43652D02218}.Release|Any CPU.Build.0 = Release|Any CPU
	EndGlobalSection
	GlobalSection(SolutionProperties) = preSolution
		HideSolutionNode = FALSE
	EndGlobalSection
	GlobalSection(ExtensibilityGlobals) = postSolution
		SolutionGuid = {CFBB13D3-CED8-48B9-8FFB-C903A466EF4E}
	EndGlobalSection
EndGlobal
